# This file is autogenerated, do not edit; changes may be undone by the next 'dep ensure'.


[[projects]]
  name = "github.com/Azure/azure-sdk-for-go"
  packages = ["services/eventgrid/mgmt/2018-01-01/eventgrid"]
  revision = "f111fc2fa3861c5fdced76cae4c9c71821969577"
  version = "v12.4.0-beta"

[[projects]]
  name = "github.com/Azure/go-autorest"
  packages = ["autorest","autorest/adal","autorest/azure","autorest/date","autorest/validation"]
  revision = "fc3b03a2d2d1f43fad3007038bd16f044f870722"
  version = "v9.10.0"

[[projects]]
  name = "github.com/dgrijalva/jwt-go"
  packages = ["."]
  revision = "dbeaa9332f19a944acb5736b4456cfcc02140e29"
  version = "v3.1.0"

[solve-meta]
  analyzer-name = "dep"
  analyzer-version = 1
  inputs-digest = "4d5071f062430496503e62f0eb69d574a3c0f0cc473d1a9661c2dc6416dcf336"
  solver-name = "gps-cdcl"
  solver-version = 1
